
Microsoft Visual Studio Solution File, Format Version 12.00
# Visual Studio Version 17
VisualStudioVersion = 17.1.32228.430
MinimumVisualStudioVersion = 10.0.40219.1
Project("{FAE04EC0-301F-11D3-BF4B-00C04F79EFBC}") = "Planilla_WebApi", "Planilla_WebApi\Planilla_WebApi.csproj", "{DA5BA9B8-2CA2-4A11-8CC9-62C3361B4B6B}"
EndProject
Global
	GlobalSection(SolutionConfigurationPlatforms) = preSolution
		Debug|Any CPU = Debug|Any CPU
		Release|Any CPU = Release|Any CPU
	EndGlobalSection
	GlobalSection(ProjectConfigurationPlatforms) = postSolution
		{DA5BA9B8-2CA2-4A11-8CC9-62C3361B4B6B}.Debug|Any CPU.ActiveCfg = Debug|Any CPU
		{DA5BA9B8-2CA2-4A11-8CC9-62C3361B4B6B}.Debug|Any CPU.Build.0 = Debug|Any CPU
		{DA5BA9B8-2CA2-4A11-8CC9-62C3361B4B6B}.Release|Any CPU.ActiveCfg = Release|Any CPU
		{DA5BA9B8-2CA2-4A11-8CC9-62C3361B4B6B}.Release|Any CPU.Build.0 = Release|Any CPU
	EndGlobalSection
	GlobalSection(SolutionProperties) = preSolution
		HideSolutionNode = FALSE
	EndGlobalSection
	GlobalSection(ExtensibilityGlobals) = postSolution
		SolutionGuid = {7CC1B84E-030C-4579-B099-FEB7AA82C657}
	EndGlobalSection
EndGlobal
